// !$*UTF8*$!
{
	archiveVersion = 1;
	classes = {
	};
	objectVersion = 50;
	objects = {

/* Begin PBXBuildFile section */
		5C019427269ED7D300723522 /* FructusApp.swift in Sources */ = {isa = PBXBuildFile; fileRef = 5C019426269ED7D300723522 /* FructusApp.swift */; };
		5C019429269ED7D300723522 /* ContentView.swift in Sources */ = {isa = PBXBuildFile; fileRef = 5C019428269ED7D300723522 /* ContentView.swift */; };
		5C01942B269ED7D800723522 /* Assets.xcassets in Resources */ = {isa = PBXBuildFile; fileRef = 5C01942A269ED7D800723522 /* Assets.xcassets */; };
		5C01942E269ED7D800723522 /* Preview Assets.xcassets in Resources */ = {isa = PBXBuildFile; fileRef = 5C01942D269ED7D800723522 /* Preview Assets.xcassets */; };
		5C019438269EE20800723522 /* FruitCardView.swift in Sources */ = {isa = PBXBuildFile; fileRef = 5C019437269EE20800723522 /* FruitCardView.swift */; };
		5C01943A269EECED00723522 /* StartButtonView.swift in Sources */ = {isa = PBXBuildFile; fileRef = 5C019439269EECED00723522 /* StartButtonView.swift */; };
		5C01943C269EFB4800723522 /* OnboardingView.swift in Sources */ = {isa = PBXBuildFile; fileRef = 5C01943B269EFB4800723522 /* OnboardingView.swift */; };
		5C48942326A06A100026D137 /* FruitRowView.swift in Sources */ = {isa = PBXBuildFile; fileRef = 5C48942226A06A100026D137 /* FruitRowView.swift */; };
		5C617E0626A0264100C99C50 /* FruitModel.swift in Sources */ = {isa = PBXBuildFile; fileRef = 5C617E0526A0264100C99C50 /* FruitModel.swift */; };
		5C617E0926A02A9900C99C50 /* FruitData.swift in Sources */ = {isa = PBXBuildFile; fileRef = 5C617E0826A02A9900C99C50 /* FruitData.swift */; };
/* End PBXBuildFile section */

/* Begin PBXFileReference section */
		5C019423269ED7D300723522 /* Fructus.app */ = {isa = PBXFileReference; explicitFileType = wrapper.application; includeInIndex = 0; path = Fructus.app; sourceTree = BUILT_PRODUCTS_DIR; };
		5C019426269ED7D300723522 /* FructusApp.swift */ = {isa = PBXFileReference; lastKnownFileType = sourcecode.swift; path = FructusApp.swift; sourceTree = "<group>"; };
		5C019428269ED7D300723522 /* ContentView.swift */ = {isa = PBXFileReference; lastKnownFileType = sourcecode.swift; path = ContentView.swift; sourceTree = "<group>"; };
		5C01942A269ED7D800723522 /* Assets.xcassets */ = {isa = PBXFileReference; lastKnownFileType = folder.assetcatalog; path = Assets.xcassets; sourceTree = "<group>"; };
		5C01942D269ED7D800723522 /* Preview Assets.xcassets */ = {isa = PBXFileReference; lastKnownFileType = folder.assetcatalog; path = "Preview Assets.xcassets"; sourceTree = "<group>"; };
		5C01942F269ED7D800723522 /* Info.plist */ = {isa = PBXFileReference; lastKnownFileType = text.plist.xml; path = Info.plist; sourceTree = "<group>"; };
		5C019437269EE20800723522 /* FruitCardView.swift */ = {isa = PBXFileReference; lastKnownFileType = sourcecode.swift; path = FruitCardView.swift; sourceTree = "<group>"; };
		5C019439269EECED00723522 /* StartButtonView.swift */ = {isa = PBXFileReference; lastKnownFileType = sourcecode.swift; path = StartButtonView.swift; sourceTree = "<group>"; };
		5C01943B269EFB4800723522 /* OnboardingView.swift */ = {isa = PBXFileReference; lastKnownFileType = sourcecode.swift; path = OnboardingView.swift; sourceTree = "<group>"; };
		5C48942226A06A100026D137 /* FruitRowView.swift */ = {isa = PBXFileReference; lastKnownFileType = sourcecode.swift; path = FruitRowView.swift; sourceTree = "<group>"; };
		5C617E0526A0264100C99C50 /* FruitModel.swift */ = {isa = PBXFileReference; lastKnownFileType = sourcecode.swift; path = FruitModel.swift; sourceTree = "<group>"; };
		5C617E0826A02A9900C99C50 /* FruitData.swift */ = {isa = PBXFileReference; lastKnownFileType = sourcecode.swift; path = FruitData.swift; sourceTree = "<group>"; };
/* End PBXFileReference section */

/* Begin PBXFrameworksBuildPhase section */
		5C019420269ED7D300723522 /* Frameworks */ = {
			isa = PBXFrameworksBuildPhase;
			buildActionMask = 2147483647;
			files = (
			);
			runOnlyForDeploymentPostprocessing = 0;
		};
/* End PBXFrameworksBuildPhase section */

/* Begin PBXGroup section */
		5C01941A269ED7D300723522 = {
			isa = PBXGroup;
			children = (
				5C019425269ED7D300723522 /* Fructus */,
				5C019424269ED7D300723522 /* Products */,
			);
			sourceTree = "<group>";
		};
		5C019424269ED7D300723522 /* Products */ = {
			isa = PBXGroup;
			children = (
				5C019423269ED7D300723522 /* Fructus.app */,
			);
			name = Products;
			sourceTree = "<group>";
		};
		5C019425269ED7D300723522 /* Fructus */ = {
			isa = PBXGroup;
			children = (
				5C617E0726A02A8300C99C50 /* Data */,
				5C617E0426A0262400C99C50 /* Model */,
				5C019436269EE13C00723522 /* View */,
				5C019435269EE0C700723522 /* App */,
				5C01942A269ED7D800723522 /* Assets.xcassets */,
				5C01942F269ED7D800723522 /* Info.plist */,
				5C01942C269ED7D800723522 /* Preview Content */,
			);
			path = Fructus;
			sourceTree = "<group>";
		};
		5C01942C269ED7D800723522 /* Preview Content */ = {
			isa = PBXGroup;
			children = (
				5C01942D269ED7D800723522 /* Preview Assets.xcassets */,
			);
			path = "Preview Content";
			sourceTree = "<group>";
		};
		5C019435269EE0C700723522 /* App */ = {
			isa = PBXGroup;
			children = (
				5C019426269ED7D300723522 /* FructusApp.swift */,
				5C019428269ED7D300723522 /* ContentView.swift */,
				5C01943B269EFB4800723522 /* OnboardingView.swift */,
			);
			path = App;
			sourceTree = "<group>";
		};
		5C019436269EE13C00723522 /* View */ = {
			isa = PBXGroup;
			children = (
				5C019437269EE20800723522 /* FruitCardView.swift */,
				5C019439269EECED00723522 /* StartButtonView.swift */,
				5C48942226A06A100026D137 /* FruitRowView.swift */,
			);
			path = View;
			sourceTree = "<group>";
		};
		5C617E0426A0262400C99C50 /* Model */ = {
			isa = PBXGroup;
			children = (
				5C617E0526A0264100C99C50 /* FruitModel.swift */,
			);
			path = Model;
			sourceTree = "<group>";
		};
		5C617E0726A02A8300C99C50 /* Data */ = {
			isa = PBXGroup;
			children = (
				5C617E0826A02A9900C99C50 /* FruitData.swift */,
			);
			path = Data;
			sourceTree = "<group>";
		};
/* End PBXGroup section */

/* Begin PBXNativeTarget section */
		5C019422269ED7D300723522 /* Fructus */ = {
			isa = PBXNativeTarget;
			buildConfigurationList = 5C019432269ED7D800723522 /* Build configuration list for PBXNativeTarget "Fructus" */;
			buildPhases = (
				5C01941F269ED7D300723522 /* Sources */,
				5C019420269ED7D300723522 /* Frameworks */,
				5C019421269ED7D300723522 /* Resources */,
			);
			buildRules = (
			);
			dependencies = (
			);
			name = Fructus;
			productName = Fructus;
			productReference = 5C019423269ED7D300723522 /* Fructus.app */;
			productType = "com.apple.product-type.application";
		};
/* End PBXNativeTarget section */

/* Begin PBXProject section */
		5C01941B269ED7D300723522 /* Project object */ = {
			isa = PBXProject;
			attributes = {
				LastSwiftUpdateCheck = 1250;
				LastUpgradeCheck = 1250;
				TargetAttributes = {
					5C019422269ED7D300723522 = {
						CreatedOnToolsVersion = 12.5;
					};
				};
			};
			buildConfigurationList = 5C01941E269ED7D300723522 /* Build configuration list for PBXProject "Fructus" */;
			compatibilityVersion = "Xcode 9.3";
			developmentRegion = en;
			hasScannedForEncodings = 0;
			knownRegions = (
				en,
				Base,
			);
			mainGroup = 5C01941A269ED7D300723522;
			productRefGroup = 5C019424269ED7D300723522 /* Products */;
			projectDirPath = "";
			projectRoot = "";
			targets = (
				5C019422269ED7D300723522 /* Fructus */,
			);
		};
/* End PBXProject section */

/* Begin PBXResourcesBuildPhase section */
		5C019421269ED7D300723522 /* Resources */ = {
			isa = PBXResourcesBuildPhase;
			buildActionMask = 2147483647;
			files = (
				5C01942E269ED7D800723522 /* Preview Assets.xcassets in Resources */,
				5C01942B269ED7D800723522 /* Assets.xcassets in Resources */,
			);
			runOnlyForDeploymentPostprocessing = 0;
		};
/* End PBXResourcesBuildPhase section */

/* Begin PBXSourcesBuildPhase section */
		5C01941F269ED7D300723522 /* Sources */ = {
			isa = PBXSourcesBuildPhase;
			buildActionMask = 2147483647;
			files = (
				5C617E0926A02A9900C99C50 /* FruitData.swift in Sources */,
				5C019438269EE20800723522 /* FruitCardView.swift in Sources */,
				5C48942326A06A100026D137 /* FruitRowView.swift in Sources */,
				5C01943A269EECED00723522 /* StartButtonView.swift in Sources */,
				5C019429269ED7D300723522 /* ContentView.swift in Sources */,
				5C01943C269EFB4800723522 /* OnboardingView.swift in Sources */,
				5C617E0626A0264100C99C50 /* FruitModel.swift in Sources */,
				5C019427269ED7D300723522 /* FructusApp.swift in Sources */,
			);
			runOnlyForDeploymentPostprocessing = 0;
		};
/* End PBXSourcesBuildPhase section */

/* Begin XCBuildConfiguration section */
		5C019430269ED7D800723522 /* Debug */ = {
			isa = XCBuildConfiguration;
			buildSettings = {
				ALWAYS_SEARCH_USER_PATHS = NO;
				CLANG_ANALYZER_NONNULL = YES;
				CLANG_ANALYZER_NUMBER_OBJECT_CONVERSION = YES_AGGRESSIVE;
				CLANG_CXX_LANGUAGE_STANDARD = "gnu++14";
				CLANG_CXX_LIBRARY = "libc++";
				CLANG_ENABLE_MODULES = YES;
				CLANG_ENABLE_OBJC_ARC = YES;
				CLANG_ENABLE_OBJC_WEAK = YES;
				CLANG_WARN_BLOCK_CAPTURE_AUTORELEASING = YES;
				CLANG_WARN_BOOL_CONVERSION = YES;
				CLANG_WARN_COMMA = YES;
				CLANG_WARN_CONSTANT_CONVERSION = YES;
				CLANG_WARN_DEPRECATED_OBJC_IMPLEMENTATIONS = YES;
				CLANG_WARN_DIRECT_OBJC_ISA_USAGE = YES_ERROR;
				CLANG_WARN_DOCUMENTATION_COMMENTS = YES;
				CLANG_WARN_EMPTY_BODY = YES;
				CLANG_WARN_ENUM_CONVERSION = YES;
				CLANG_WARN_INFINITE_RECURSION = YES;
				CLANG_WARN_INT_CONVERSION = YES;
				CLANG_WARN_NON_LITERAL_NULL_CONVERSION = YES;
				CLANG_WARN_OBJC_IMPLICIT_RETAIN_SELF = YES;
				CLANG_WARN_OBJC_LITERAL_CONVERSION = YES;
				CLANG_WARN_OBJC_ROOT_CLASS = YES_ERROR;
				CLANG_WARN_QUOTED_INCLUDE_IN_FRAMEWORK_HEADER = YES;
				CLANG_WARN_RANGE_LOOP_ANALYSIS = YES;
				CLANG_WARN_STRICT_PROTOTYPES = YES;
				CLANG_WARN_SUSPICIOUS_MOVE = YES;
				CLANG_WARN_UNGUARDED_AVAILABILITY = YES_AGGRESSIVE;
				CLANG_WARN_UNREACHABLE_CODE = YES;
				CLANG_WARN__DUPLICATE_METHOD_MATCH = YES;
				COPY_PHASE_STRIP = NO;
				DEBUG_INFORMATION_FORMAT = dwarf;
				ENABLE_STRICT_OBJC_MSGSEND = YES;
				ENABLE_TESTABILITY = YES;
				GCC_C_LANGUAGE_STANDARD = gnu11;
				GCC_DYNAMIC_NO_PIC = NO;
				GCC_NO_COMMON_BLOCKS = YES;
				GCC_OPTIMIZATION_LEVEL = 0;
				GCC_PREPROCESSOR_DEFINITIONS = (
					"DEBUG=1",
					"$(inherited)",
				);
				GCC_WARN_64_TO_32_BIT_CONVERSION = YES;
				GCC_WARN_ABOUT_RETURN_TYPE = YES_ERROR;
				GCC_WARN_UNDECLARED_SELECTOR = YES;
				GCC_WARN_UNINITIALIZED_AUTOS = YES_AGGRESSIVE;
				GCC_WARN_UNUSED_FUNCTION = YES;
				GCC_WARN_UNUSED_VARIABLE = YES;
				IPHONEOS_DEPLOYMENT_TARGET = 14.5;
				MTL_ENABLE_DEBUG_INFO = INCLUDE_SOURCE;
				MTL_FAST_MATH = YES;
				ONLY_ACTIVE_ARCH = YES;
				SDKROOT = iphoneos;
				SWIFT_ACTIVE_COMPILATION_CONDITIONS = DEBUG;
				SWIFT_OPTIMIZATION_LEVEL = "-Onone";
			};
			name = Debug;
		};
		5C019431269ED7D800723522 /* Release */ = {
			isa = XCBuildConfiguration;
			buildSettings = {
				ALWAYS_SEARCH_USER_PATHS = NO;
				CLANG_ANALYZER_NONNULL = YES;
				CLANG_ANALYZER_NUMBER_OBJECT_CONVERSION = YES_AGGRESSIVE;
				CLANG_CXX_LANGUAGE_STANDARD = "gnu++14";
				CLANG_CXX_LIBRARY = "libc++";
				CLANG_ENABLE_MODULES = YES;
				CLANG_ENABLE_OBJC_ARC = YES;
				CLANG_ENABLE_OBJC_WEAK = YES;
				CLANG_WARN_BLOCK_CAPTURE_AUTORELEASING = YES;
				CLANG_WARN_BOOL_CONVERSION = YES;
				CLANG_WARN_COMMA = YES;
				CLANG_WARN_CONSTANT_CONVERSION = YES;
				CLANG_WARN_DEPRECATED_OBJC_IMPLEMENTATIONS = YES;
				CLANG_WARN_DIRECT_OBJC_ISA_USAGE = YES_ERROR;
				CLANG_WARN_DOCUMENTATION_COMMENTS = YES;
				CLANG_WARN_EMPTY_BODY = YES;
				CLANG_WARN_ENUM_CONVERSION = YES;
				CLANG_WARN_INFINITE_RECURSION = YES;
				CLANG_WARN_INT_CONVERSION = YES;
				CLANG_WARN_NON_LITERAL_NULL_CONVERSION = YES;
				CLANG_WARN_OBJC_IMPLICIT_RETAIN_SELF = YES;
				CLANG_WARN_OBJC_LITERAL_CONVERSION = YES;
				CLANG_WARN_OBJC_ROOT_CLASS = YES_ERROR;
				CLANG_WARN_QUOTED_INCLUDE_IN_FRAMEWORK_HEADER = YES;
				CLANG_WARN_RANGE_LOOP_ANALYSIS = YES;
				CLANG_WARN_STRICT_PROTOTYPES = YES;
				CLANG_WARN_SUSPICIOUS_MOVE = YES;
				CLANG_WARN_UNGUARDED_AVAILABILITY = YES_AGGRESSIVE;
				CLANG_WARN_UNREACHABLE_CODE = YES;
				CLANG_WARN__DUPLICATE_METHOD_MATCH = YES;
				COPY_PHASE_STRIP = NO;
				DEBUG_INFORMATION_FORMAT = "dwarf-with-dsym";
				ENABLE_NS_ASSERTIONS = NO;
				ENABLE_STRICT_OBJC_MSGSEND = YES;
				GCC_C_LANGUAGE_STANDARD = gnu11;
				GCC_NO_COMMON_BLOCKS = YES;
				GCC_WARN_64_TO_32_BIT_CONVERSION = YES;
				GCC_WARN_ABOUT_RETURN_TYPE = YES_ERROR;
				GCC_WARN_UNDECLARED_SELECTOR = YES;
				GCC_WARN_UNINITIALIZED_AUTOS = YES_AGGRESSIVE;
				GCC_WARN_UNUSED_FUNCTION = YES;
				GCC_WARN_UNUSED_VARIABLE = YES;
				IPHONEOS_DEPLOYMENT_TARGET = 14.5;
				MTL_ENABLE_DEBUG_INFO = NO;
				MTL_FAST_MATH = YES;
				SDKROOT = iphoneos;
				SWIFT_COMPILATION_MODE = wholemodule;
				SWIFT_OPTIMIZATION_LEVEL = "-O";
				VALIDATE_PRODUCT = YES;
			};
			name = Release;
		};
		5C019433269ED7D800723522 /* Debug */ = {
			isa = XCBuildConfiguration;
			buildSettings = {
				ASSETCATALOG_COMPILER_APPICON_NAME = AppIcon;
				ASSETCATALOG_COMPILER_GLOBAL_ACCENT_COLOR_NAME = AccentColor;
				CODE_SIGN_STYLE = Automatic;
				DEVELOPMENT_ASSET_PATHS = "\"Fructus/Preview Content\"";
				ENABLE_PREVIEWS = YES;
				INFOPLIST_FILE = Fructus/Info.plist;
				IPHONEOS_DEPLOYMENT_TARGET = 14.0;
				LD_RUNPATH_SEARCH_PATHS = (
					"$(inherited)",
					"@executable_path/Frameworks",
				);
				PRODUCT_BUNDLE_IDENTIFIER = com.test.Fructus;
				PRODUCT_NAME = "$(TARGET_NAME)";
				SWIFT_VERSION = 5.0;
				TARGETED_DEVICE_FAMILY = "1,2";
			};
			name = Debug;
		};
		5C019434269ED7D800723522 /* Release */ = {
			isa = XCBuildConfiguration;
			buildSettings = {
				ASSETCATALOG_COMPILER_APPICON_NAME = AppIcon;
				ASSETCATALOG_COMPILER_GLOBAL_ACCENT_COLOR_NAME = AccentColor;
				CODE_SIGN_STYLE = Automatic;
				DEVELOPMENT_ASSET_PATHS = "\"Fructus/Preview Content\"";
				ENABLE_PREVIEWS = YES;
				INFOPLIST_FILE = Fructus/Info.plist;
				IPHONEOS_DEPLOYMENT_TARGET = 14.0;
				LD_RUNPATH_SEARCH_PATHS = (
					"$(inherited)",
					"@executable_path/Frameworks",
				);
				PRODUCT_BUNDLE_IDENTIFIER = com.test.Fructus;
				PRODUCT_NAME = "$(TARGET_NAME)";
				SWIFT_VERSION = 5.0;
				TARGETED_DEVICE_FAMILY = "1,2";
			};
			name = Release;
		};
/* End XCBuildConfiguration section */

/* Begin XCConfigurationList section */
		5C01941E269ED7D300723522 /* Build configuration list for PBXProject "Fructus" */ = {
			isa = XCConfigurationList;
			buildConfigurations = (
				5C019430269ED7D800723522 /* Debug */,
				5C019431269ED7D800723522 /* Release */,
			);
			defaultConfigurationIsVisible = 0;
			defaultConfigurationName = Release;
		};
		5C019432269ED7D800723522 /* Build configuration list for PBXNativeTarget "Fructus" */ = {
			isa = XCConfigurationList;
			buildConfigurations = (
				5C019433269ED7D800723522 /* Debug */,
				5C019434269ED7D800723522 /* Release */,
			);
			defaultConfigurationIsVisible = 0;
			defaultConfigurationName = Release;
		};
/* End XCConfigurationList section */
	};
	rootObject = 5C01941B269ED7D300723522 /* Project object */;
}
